// !$*UTF8*$!
{
	archiveVersion = 1;
	classes = {
	};
	objectVersion = 48;
	objects = {

/* Begin PBXBuildFile section */
		831428FB20621A990084FBD1 /* Animal.cpp in Sources */ = {isa = PBXBuildFile; fileRef = 831428EE20621A970084FBD1 /* Animal.cpp */; };
		831428FC20621A990084FBD1 /* main.cpp in Sources */ = {isa = PBXBuildFile; fileRef = 831428EF20621A970084FBD1 /* main.cpp */; };
		831428FD20621A990084FBD1 /* Tiger.cpp in Sources */ = {isa = PBXBuildFile; fileRef = 831428F020621A980084FBD1 /* Tiger.cpp */; };
		831428FE20621A990084FBD1 /* Turtle.cpp in Sources */ = {isa = PBXBuildFile; fileRef = 831428F220621A980084FBD1 /* Turtle.cpp */; };
		831428FF20621A990084FBD1 /* Menu.cpp in Sources */ = {isa = PBXBuildFile; fileRef = 831428F320621A980084FBD1 /* Menu.cpp */; };
		8314290020621A990084FBD1 /* Penguin.cpp in Sources */ = {isa = PBXBuildFile; fileRef = 831428F820621A980084FBD1 /* Penguin.cpp */; };
		8314290120621A990084FBD1 /* Zoo.cpp in Sources */ = {isa = PBXBuildFile; fileRef = 831428F920621A980084FBD1 /* Zoo.cpp */; };
/* End PBXBuildFile section */

/* Begin PBXCopyFilesBuildPhase section */
		831428E220621A840084FBD1 /* CopyFiles */ = {
			isa = PBXCopyFilesBuildPhase;
			buildActionMask = 2147483647;
			dstPath = /usr/share/man/man1/;
			dstSubfolderSpec = 0;
			files = (
			);
			runOnlyForDeploymentPostprocessing = 1;
		};
/* End PBXCopyFilesBuildPhase section */

/* Begin PBXFileReference section */
		831428E420621A840084FBD1 /* zooTycoonGame */ = {isa = PBXFileReference; explicitFileType = "compiled.mach-o.executable"; includeInIndex = 0; path = zooTycoonGame; sourceTree = BUILT_PRODUCTS_DIR; };
		831428EE20621A970084FBD1 /* Animal.cpp */ = {isa = PBXFileReference; fileEncoding = 4; lastKnownFileType = sourcecode.cpp.cpp; path = Animal.cpp; sourceTree = "<group>"; };
		831428EF20621A970084FBD1 /* main.cpp */ = {isa = PBXFileReference; fileEncoding = 4; lastKnownFileType = sourcecode.cpp.cpp; path = main.cpp; sourceTree = "<group>"; };
		831428F020621A980084FBD1 /* Tiger.cpp */ = {isa = PBXFileReference; fileEncoding = 4; lastKnownFileType = sourcecode.cpp.cpp; path = Tiger.cpp; sourceTree = "<group>"; };
		831428F120621A980084FBD1 /* Penguin.hpp */ = {isa = PBXFileReference; fileEncoding = 4; lastKnownFileType = sourcecode.cpp.h; path = Penguin.hpp; sourceTree = "<group>"; };
		831428F220621A980084FBD1 /* Turtle.cpp */ = {isa = PBXFileReference; fileEncoding = 4; lastKnownFileType = sourcecode.cpp.cpp; path = Turtle.cpp; sourceTree = "<group>"; };
		831428F320621A980084FBD1 /* Menu.cpp */ = {isa = PBXFileReference; fileEncoding = 4; lastKnownFileType = sourcecode.cpp.cpp; path = Menu.cpp; sourceTree = "<group>"; };
		831428F420621A980084FBD1 /* Tiger.hpp */ = {isa = PBXFileReference; fileEncoding = 4; lastKnownFileType = sourcecode.cpp.h; path = Tiger.hpp; sourceTree = "<group>"; };
		831428F520621A980084FBD1 /* Turtle.hpp */ = {isa = PBXFileReference; fileEncoding = 4; lastKnownFileType = sourcecode.cpp.h; path = Turtle.hpp; sourceTree = "<group>"; };
		831428F620621A980084FBD1 /* Animal.hpp */ = {isa = PBXFileReference; fileEncoding = 4; lastKnownFileType = sourcecode.cpp.h; path = Animal.hpp; sourceTree = "<group>"; };
		831428F720621A980084FBD1 /* Menu.hpp */ = {isa = PBXFileReference; fileEncoding = 4; lastKnownFileType = sourcecode.cpp.h; path = Menu.hpp; sourceTree = "<group>"; };
		831428F820621A980084FBD1 /* Penguin.cpp */ = {isa = PBXFileReference; fileEncoding = 4; lastKnownFileType = sourcecode.cpp.cpp; path = Penguin.cpp; sourceTree = "<group>"; };
		831428F920621A980084FBD1 /* Zoo.cpp */ = {isa = PBXFileReference; fileEncoding = 4; lastKnownFileType = sourcecode.cpp.cpp; path = Zoo.cpp; sourceTree = "<group>"; };
		831428FA20621A990084FBD1 /* Zoo.hpp */ = {isa = PBXFileReference; fileEncoding = 4; lastKnownFileType = sourcecode.cpp.h; path = Zoo.hpp; sourceTree = "<group>"; };
/* End PBXFileReference section */

/* Begin PBXFrameworksBuildPhase section */
		831428E120621A840084FBD1 /* Frameworks */ = {
			isa = PBXFrameworksBuildPhase;
			buildActionMask = 2147483647;
			files = (
			);
			runOnlyForDeploymentPostprocessing = 0;
		};
/* End PBXFrameworksBuildPhase section */

/* Begin PBXGroup section */
		831428DB20621A840084FBD1 = {
			isa = PBXGroup;
			children = (
				831428E620621A840084FBD1 /* zooTycoonGame */,
				831428E520621A840084FBD1 /* Products */,
			);
			sourceTree = "<group>";
		};
		831428E520621A840084FBD1 /* Products */ = {
			isa = PBXGroup;
			children = (
				831428E420621A840084FBD1 /* zooTycoonGame */,
			);
			name = Products;
			sourceTree = "<group>";
		};
		831428E620621A840084FBD1 /* zooTycoonGame */ = {
			isa = PBXGroup;
			children = (
				831428EE20621A970084FBD1 /* Animal.cpp */,
				831428F620621A980084FBD1 /* Animal.hpp */,
				831428EF20621A970084FBD1 /* main.cpp */,
				831428F320621A980084FBD1 /* Menu.cpp */,
				831428F720621A980084FBD1 /* Menu.hpp */,
				831428F820621A980084FBD1 /* Penguin.cpp */,
				831428F120621A980084FBD1 /* Penguin.hpp */,
				831428F020621A980084FBD1 /* Tiger.cpp */,
				831428F420621A980084FBD1 /* Tiger.hpp */,
				831428F220621A980084FBD1 /* Turtle.cpp */,
				831428F520621A980084FBD1 /* Turtle.hpp */,
				831428F920621A980084FBD1 /* Zoo.cpp */,
				831428FA20621A990084FBD1 /* Zoo.hpp */,
			);
			path = zooTycoonGame;
			sourceTree = "<group>";
		};
/* End PBXGroup section */

/* Begin PBXNativeTarget section */
		831428E320621A840084FBD1 /* zooTycoonGame */ = {
			isa = PBXNativeTarget;
			buildConfigurationList = 831428EB20621A840084FBD1 /* Build configuration list for PBXNativeTarget "zooTycoonGame" */;
			buildPhases = (
				831428E020621A840084FBD1 /* Sources */,
				831428E120621A840084FBD1 /* Frameworks */,
				831428E220621A840084FBD1 /* CopyFiles */,
			);
			buildRules = (
			);
			dependencies = (
			);
			name = zooTycoonGame;
			productName = zooTycoonGame;
			productReference = 831428E420621A840084FBD1 /* zooTycoonGame */;
			productType = "com.apple.product-type.tool";
		};
/* End PBXNativeTarget section */

/* Begin PBXProject section */
		831428DC20621A840084FBD1 /* Project object */ = {
			isa = PBXProject;
			attributes = {
				LastUpgradeCheck = 0920;
				ORGANIZATIONNAME = "Chris Loreta";
				TargetAttributes = {
					831428E320621A840084FBD1 = {
						CreatedOnToolsVersion = 9.2;
						ProvisioningStyle = Automatic;
					};
				};
			};
			buildConfigurationList = 831428DF20621A840084FBD1 /* Build configuration list for PBXProject "zooTycoonGame" */;
			compatibilityVersion = "Xcode 8.0";
			developmentRegion = en;
			hasScannedForEncodings = 0;
			knownRegions = (
				en,
			);
			mainGroup = 831428DB20621A840084FBD1;
			productRefGroup = 831428E520621A840084FBD1 /* Products */;
			projectDirPath = "";
			projectRoot = "";
			targets = (
				831428E320621A840084FBD1 /* zooTycoonGame */,
			);
		};
/* End PBXProject section */

/* Begin PBXSourcesBuildPhase section */
		831428E020621A840084FBD1 /* Sources */ = {
			isa = PBXSourcesBuildPhase;
			buildActionMask = 2147483647;
			files = (
				831428FD20621A990084FBD1 /* Tiger.cpp in Sources */,
				831428FC20621A990084FBD1 /* main.cpp in Sources */,
				8314290020621A990084FBD1 /* Penguin.cpp in Sources */,
				8314290120621A990084FBD1 /* Zoo.cpp in Sources */,
				831428FB20621A990084FBD1 /* Animal.cpp in Sources */,
				831428FE20621A990084FBD1 /* Turtle.cpp in Sources */,
				831428FF20621A990084FBD1 /* Menu.cpp in Sources */,
			);
			runOnlyForDeploymentPostprocessing = 0;
		};
/* End PBXSourcesBuildPhase section */

/* Begin XCBuildConfiguration section */
		831428E920621A840084FBD1 /* Debug */ = {
			isa = XCBuildConfiguration;
			buildSettings = {
				ALWAYS_SEARCH_USER_PATHS = NO;
				CLANG_ANALYZER_NONNULL = YES;
				CLANG_ANALYZER_NUMBER_OBJECT_CONVERSION = YES_AGGRESSIVE;
				CLANG_CXX_LANGUAGE_STANDARD = "gnu++14";
				CLANG_CXX_LIBRARY = "libc++";
				CLANG_ENABLE_MODULES = YES;
				CLANG_ENABLE_OBJC_ARC = YES;
				CLANG_WARN_BLOCK_CAPTURE_AUTORELEASING = YES;
				CLANG_WARN_BOOL_CONVERSION = YES;
				CLANG_WARN_COMMA = YES;
				CLANG_WARN_CONSTANT_CONVERSION = YES;
				CLANG_WARN_DIRECT_OBJC_ISA_USAGE = YES_ERROR;
				CLANG_WARN_DOCUMENTATION_COMMENTS = YES;
				CLANG_WARN_EMPTY_BODY = YES;
				CLANG_WARN_ENUM_CONVERSION = YES;
				CLANG_WARN_INFINITE_RECURSION = YES;
				CLANG_WARN_INT_CONVERSION = YES;
				CLANG_WARN_NON_LITERAL_NULL_CONVERSION = YES;
				CLANG_WARN_OBJC_LITERAL_CONVERSION = YES;
				CLANG_WARN_OBJC_ROOT_CLASS = YES_ERROR;
				CLANG_WARN_RANGE_LOOP_ANALYSIS = YES;
				CLANG_WARN_STRICT_PROTOTYPES = YES;
				CLANG_WARN_SUSPICIOUS_MOVE = YES;
				CLANG_WARN_UNGUARDED_AVAILABILITY = YES_AGGRESSIVE;
				CLANG_WARN_UNREACHABLE_CODE = YES;
				CLANG_WARN__DUPLICATE_METHOD_MATCH = YES;
				CODE_SIGN_IDENTITY = "-";
				COPY_PHASE_STRIP = NO;
				DEBUG_INFORMATION_FORMAT = dwarf;
				ENABLE_STRICT_OBJC_MSGSEND = YES;
				ENABLE_TESTABILITY = YES;
				GCC_C_LANGUAGE_STANDARD = gnu11;
				GCC_DYNAMIC_NO_PIC = NO;
				GCC_NO_COMMON_BLOCKS = YES;
				GCC_OPTIMIZATION_LEVEL = 0;
				GCC_PREPROCESSOR_DEFINITIONS = (
					"DEBUG=1",
					"$(inherited)",
				);
				GCC_WARN_64_TO_32_BIT_CONVERSION = YES;
				GCC_WARN_ABOUT_RETURN_TYPE = YES_ERROR;
				GCC_WARN_UNDECLARED_SELECTOR = YES;
				GCC_WARN_UNINITIALIZED_AUTOS = YES_AGGRESSIVE;
				GCC_WARN_UNUSED_FUNCTION = YES;
				GCC_WARN_UNUSED_VARIABLE = YES;
				MACOSX_DEPLOYMENT_TARGET = 10.13;
				MTL_ENABLE_DEBUG_INFO = YES;
				ONLY_ACTIVE_ARCH = YES;
				SDKROOT = macosx;
			};
			name = Debug;
		};
		831428EA20621A840084FBD1 /* Release */ = {
			isa = XCBuildConfiguration;
			buildSettings = {
				ALWAYS_SEARCH_USER_PATHS = NO;
				CLANG_ANALYZER_NONNULL = YES;
				CLANG_ANALYZER_NUMBER_OBJECT_CONVERSION = YES_AGGRESSIVE;
				CLANG_CXX_LANGUAGE_STANDARD = "gnu++14";
				CLANG_CXX_LIBRARY = "libc++";
				CLANG_ENABLE_MODULES = YES;
				CLANG_ENABLE_OBJC_ARC = YES;
				CLANG_WARN_BLOCK_CAPTURE_AUTORELEASING = YES;
				CLANG_WARN_BOOL_CONVERSION = YES;
				CLANG_WARN_COMMA = YES;
				CLANG_WARN_CONSTANT_CONVERSION = YES;
				CLANG_WARN_DIRECT_OBJC_ISA_USAGE = YES_ERROR;
				CLANG_WARN_DOCUMENTATION_COMMENTS = YES;
				CLANG_WARN_EMPTY_BODY = YES;
				CLANG_WARN_ENUM_CONVERSION = YES;
				CLANG_WARN_INFINITE_RECURSION = YES;
				CLANG_WARN_INT_CONVERSION = YES;
				CLANG_WARN_NON_LITERAL_NULL_CONVERSION = YES;
				CLANG_WARN_OBJC_LITERAL_CONVERSION = YES;
				CLANG_WARN_OBJC_ROOT_CLASS = YES_ERROR;
				CLANG_WARN_RANGE_LOOP_ANALYSIS = YES;
				CLANG_WARN_STRICT_PROTOTYPES = YES;
				CLANG_WARN_SUSPICIOUS_MOVE = YES;
				CLANG_WARN_UNGUARDED_AVAILABILITY = YES_AGGRESSIVE;
				CLANG_WARN_UNREACHABLE_CODE = YES;
				CLANG_WARN__DUPLICATE_METHOD_MATCH = YES;
				CODE_SIGN_IDENTITY = "-";
				COPY_PHASE_STRIP = NO;
				DEBUG_INFORMATION_FORMAT = "dwarf-with-dsym";
				ENABLE_NS_ASSERTIONS = NO;
				ENABLE_STRICT_OBJC_MSGSEND = YES;
				GCC_C_LANGUAGE_STANDARD = gnu11;
				GCC_NO_COMMON_BLOCKS = YES;
				GCC_WARN_64_TO_32_BIT_CONVERSION = YES;
				GCC_WARN_ABOUT_RETURN_TYPE = YES_ERROR;
				GCC_WARN_UNDECLARED_SELECTOR = YES;
				GCC_WARN_UNINITIALIZED_AUTOS = YES_AGGRESSIVE;
				GCC_WARN_UNUSED_FUNCTION = YES;
				GCC_WARN_UNUSED_VARIABLE = YES;
				MACOSX_DEPLOYMENT_TARGET = 10.13;
				MTL_ENABLE_DEBUG_INFO = NO;
				SDKROOT = macosx;
			};
			name = Release;
		};
		831428EC20621A840084FBD1 /* Debug */ = {
			isa = XCBuildConfiguration;
			buildSettings = {
				CODE_SIGN_STYLE = Automatic;
				PRODUCT_NAME = "$(TARGET_NAME)";
			};
			name = Debug;
		};
		831428ED20621A840084FBD1 /* Release */ = {
			isa = XCBuildConfiguration;
			buildSettings = {
				CODE_SIGN_STYLE = Automatic;
				PRODUCT_NAME = "$(TARGET_NAME)";
			};
			name = Release;
		};
/* End XCBuildConfiguration section */

/* Begin XCConfigurationList section */
		831428DF20621A840084FBD1 /* Build configuration list for PBXProject "zooTycoonGame" */ = {
			isa = XCConfigurationList;
			buildConfigurations = (
				831428E920621A840084FBD1 /* Debug */,
				831428EA20621A840084FBD1 /* Release */,
			);
			defaultConfigurationIsVisible = 0;
			defaultConfigurationName = Release;
		};
		831428EB20621A840084FBD1 /* Build configuration list for PBXNativeTarget "zooTycoonGame" */ = {
			isa = XCConfigurationList;
			buildConfigurations = (
				831428EC20621A840084FBD1 /* Debug */,
				831428ED20621A840084FBD1 /* Release */,
			);
			defaultConfigurationIsVisible = 0;
			defaultConfigurationName = Release;
		};
/* End XCConfigurationList section */
	};
	rootObject = 831428DC20621A840084FBD1 /* Project object */;
}
